// !$*UTF8*$!
{
	archiveVersion = 1;
	classes = {
	};
	objectVersion = 48;
	objects = {

/* Begin PBXBuildFile section */
		5703C9AC1F69D5E0004E6011 /* AppDelegate.swift in Sources */ = {isa = PBXBuildFile; fileRef = 5703C9AB1F69D5E0004E6011 /* AppDelegate.swift */; };
		5703C9AE1F69D5E0004E6011 /* PhotoController.swift in Sources */ = {isa = PBXBuildFile; fileRef = 5703C9AD1F69D5E0004E6011 /* PhotoController.swift */; };
		5703C9B11F69D5E0004E6011 /* Main.storyboard in Resources */ = {isa = PBXBuildFile; fileRef = 5703C9AF1F69D5E0004E6011 /* Main.storyboard */; };
		5703C9B31F69D5E0004E6011 /* Assets.xcassets in Resources */ = {isa = PBXBuildFile; fileRef = 5703C9B21F69D5E0004E6011 /* Assets.xcassets */; };
		5703C9B61F69D5E0004E6011 /* LaunchScreen.storyboard in Resources */ = {isa = PBXBuildFile; fileRef = 5703C9B41F69D5E0004E6011 /* LaunchScreen.storyboard */; };
		5703C9CC1F69D5E0004E6011 /* iosnetworkingexampleUITests.swift in Sources */ = {isa = PBXBuildFile; fileRef = 5703C9CB1F69D5E0004E6011 /* iosnetworkingexampleUITests.swift */; };
		5703C9DA1F69E9E4004E6011 /* Constaint.swift in Sources */ = {isa = PBXBuildFile; fileRef = 5703C9D91F69E9E4004E6011 /* Constaint.swift */; };
		5703CA161F6F274B004E6011 /* FlickerController.swift in Sources */ = {isa = PBXBuildFile; fileRef = 5703CA151F6F274B004E6011 /* FlickerController.swift */; };
		5703CA181F6F2EC7004E6011 /* FlickerControlerTest.swift in Sources */ = {isa = PBXBuildFile; fileRef = 5703CA171F6F2EC7004E6011 /* FlickerControlerTest.swift */; };
		5720DB601F72C365002CD0D3 /* PhotoCommon.swift in Sources */ = {isa = PBXBuildFile; fileRef = 5720DB5F1F72C365002CD0D3 /* PhotoCommon.swift */; };
		5720DB611F72C448002CD0D3 /* PhotoCommon.swift in Sources */ = {isa = PBXBuildFile; fileRef = 5720DB5F1F72C365002CD0D3 /* PhotoCommon.swift */; };
		5720DB621F72C449002CD0D3 /* PhotoCommon.swift in Sources */ = {isa = PBXBuildFile; fileRef = 5720DB5F1F72C365002CD0D3 /* PhotoCommon.swift */; };
		5720DB651F72CF75002CD0D3 /* PhotoCommonTest.swift in Sources */ = {isa = PBXBuildFile; fileRef = 5720DB641F72CF75002CD0D3 /* PhotoCommonTest.swift */; };
		5720DB691F730FCC002CD0D3 /* StringExtension.swift in Sources */ = {isa = PBXBuildFile; fileRef = 5720DB681F730FCC002CD0D3 /* StringExtension.swift */; };
		5720DB6A1F730FCC002CD0D3 /* StringExtension.swift in Sources */ = {isa = PBXBuildFile; fileRef = 5720DB681F730FCC002CD0D3 /* StringExtension.swift */; };
		5720DB6B1F730FCC002CD0D3 /* StringExtension.swift in Sources */ = {isa = PBXBuildFile; fileRef = 5720DB681F730FCC002CD0D3 /* StringExtension.swift */; };
		5720DB6E1F731008002CD0D3 /* IntExtension.swift in Sources */ = {isa = PBXBuildFile; fileRef = 5720DB6D1F731008002CD0D3 /* IntExtension.swift */; };
		5720DB6F1F731008002CD0D3 /* IntExtension.swift in Sources */ = {isa = PBXBuildFile; fileRef = 5720DB6D1F731008002CD0D3 /* IntExtension.swift */; };
		5720DB701F731008002CD0D3 /* IntExtension.swift in Sources */ = {isa = PBXBuildFile; fileRef = 5720DB6D1F731008002CD0D3 /* IntExtension.swift */; };
		5720DB721F731025002CD0D3 /* BoolExtension.swift in Sources */ = {isa = PBXBuildFile; fileRef = 5720DB711F731025002CD0D3 /* BoolExtension.swift */; };
		5720DB731F731025002CD0D3 /* BoolExtension.swift in Sources */ = {isa = PBXBuildFile; fileRef = 5720DB711F731025002CD0D3 /* BoolExtension.swift */; };
		5720DB741F731025002CD0D3 /* BoolExtension.swift in Sources */ = {isa = PBXBuildFile; fileRef = 5720DB711F731025002CD0D3 /* BoolExtension.swift */; };
		5720DB761F731046002CD0D3 /* UIImageExtension.swift in Sources */ = {isa = PBXBuildFile; fileRef = 5720DB751F731046002CD0D3 /* UIImageExtension.swift */; };
		5720DB771F731046002CD0D3 /* UIImageExtension.swift in Sources */ = {isa = PBXBuildFile; fileRef = 5720DB751F731046002CD0D3 /* UIImageExtension.swift */; };
		5720DB781F731046002CD0D3 /* UIImageExtension.swift in Sources */ = {isa = PBXBuildFile; fileRef = 5720DB751F731046002CD0D3 /* UIImageExtension.swift */; };
		5720DB7C1F7311CE002CD0D3 /* UIApplicationExtension.swift in Sources */ = {isa = PBXBuildFile; fileRef = 5720DB7B1F7311CE002CD0D3 /* UIApplicationExtension.swift */; };
		5720DB7D1F7311CE002CD0D3 /* UIApplicationExtension.swift in Sources */ = {isa = PBXBuildFile; fileRef = 5720DB7B1F7311CE002CD0D3 /* UIApplicationExtension.swift */; };
		5720DB7E1F7311CE002CD0D3 /* UIApplicationExtension.swift in Sources */ = {isa = PBXBuildFile; fileRef = 5720DB7B1F7311CE002CD0D3 /* UIApplicationExtension.swift */; };
		5720DB801F73122D002CD0D3 /* Utility.swift in Sources */ = {isa = PBXBuildFile; fileRef = 5720DB7F1F73122D002CD0D3 /* Utility.swift */; };
		5720DB811F73122D002CD0D3 /* Utility.swift in Sources */ = {isa = PBXBuildFile; fileRef = 5720DB7F1F73122D002CD0D3 /* Utility.swift */; };
		5720DB821F73122D002CD0D3 /* Utility.swift in Sources */ = {isa = PBXBuildFile; fileRef = 5720DB7F1F73122D002CD0D3 /* Utility.swift */; };
		5720DB831F73125F002CD0D3 /* FlickerController.swift in Sources */ = {isa = PBXBuildFile; fileRef = 5703CA151F6F274B004E6011 /* FlickerController.swift */; };
		5720DB841F731260002CD0D3 /* FlickerController.swift in Sources */ = {isa = PBXBuildFile; fileRef = 5703CA151F6F274B004E6011 /* FlickerController.swift */; };
		5720DB871F73128E002CD0D3 /* UIStoryboardExtension.swift in Sources */ = {isa = PBXBuildFile; fileRef = 5720DB861F73128E002CD0D3 /* UIStoryboardExtension.swift */; };
		5720DB881F73128E002CD0D3 /* UIStoryboardExtension.swift in Sources */ = {isa = PBXBuildFile; fileRef = 5720DB861F73128E002CD0D3 /* UIStoryboardExtension.swift */; };
		5720DB891F73128E002CD0D3 /* UIStoryboardExtension.swift in Sources */ = {isa = PBXBuildFile; fileRef = 5720DB861F73128E002CD0D3 /* UIStoryboardExtension.swift */; };
		5720DB8A1F73198D002CD0D3 /* Constaint.swift in Sources */ = {isa = PBXBuildFile; fileRef = 5703C9D91F69E9E4004E6011 /* Constaint.swift */; };
		5720DB8B1F73198E002CD0D3 /* Constaint.swift in Sources */ = {isa = PBXBuildFile; fileRef = 5703C9D91F69E9E4004E6011 /* Constaint.swift */; };
		5720DB8D1F731AA2002CD0D3 /* NetworkError.swift in Sources */ = {isa = PBXBuildFile; fileRef = 5720DB8C1F731AA2002CD0D3 /* NetworkError.swift */; };
		5720DB8E1F731AA2002CD0D3 /* NetworkError.swift in Sources */ = {isa = PBXBuildFile; fileRef = 5720DB8C1F731AA2002CD0D3 /* NetworkError.swift */; };
		5720DB8F1F731AA2002CD0D3 /* NetworkError.swift in Sources */ = {isa = PBXBuildFile; fileRef = 5720DB8C1F731AA2002CD0D3 /* NetworkError.swift */; };
		5720DB921F7322B6002CD0D3 /* MainController.swift in Sources */ = {isa = PBXBuildFile; fileRef = 5720DB911F7322B6002CD0D3 /* MainController.swift */; };
		5720DB961F73260A002CD0D3 /* StringExtensionTests.swift in Sources */ = {isa = PBXBuildFile; fileRef = 5720DB951F73260A002CD0D3 /* StringExtensionTests.swift */; };
		5720DB981F73261F002CD0D3 /* IntExtensionTests.swift in Sources */ = {isa = PBXBuildFile; fileRef = 5720DB971F73261F002CD0D3 /* IntExtensionTests.swift */; };
		5720DB9A1F732631002CD0D3 /* BoolExtensionTests.swift in Sources */ = {isa = PBXBuildFile; fileRef = 5720DB991F732631002CD0D3 /* BoolExtensionTests.swift */; };
		5720DB9C1F73264B002CD0D3 /* UIImageExtensionTests.swift in Sources */ = {isa = PBXBuildFile; fileRef = 5720DB9B1F73264B002CD0D3 /* UIImageExtensionTests.swift */; };
		5720DB9E1F73265A002CD0D3 /* UIApplicationExtensionTests.swift in Sources */ = {isa = PBXBuildFile; fileRef = 5720DB9D1F73265A002CD0D3 /* UIApplicationExtensionTests.swift */; };
		5720DBA01F73266B002CD0D3 /* UIStoryboardExtensionTests.swift in Sources */ = {isa = PBXBuildFile; fileRef = 5720DB9F1F73266B002CD0D3 /* UIStoryboardExtensionTests.swift */; };
		572B99831F8BD18B00B3689A /* iosnetworkingexample.xcdatamodeld in Sources */ = {isa = PBXBuildFile; fileRef = 572B99811F8BD18B00B3689A /* iosnetworkingexample.xcdatamodeld */; };
		572B998A1F8BD37600B3689A /* Photo+CoreDataClass.swift in Sources */ = {isa = PBXBuildFile; fileRef = 572B99881F8BD37600B3689A /* Photo+CoreDataClass.swift */; };
		572B998B1F8BD37600B3689A /* Photo+CoreDataProperties.swift in Sources */ = {isa = PBXBuildFile; fileRef = 572B99891F8BD37600B3689A /* Photo+CoreDataProperties.swift */; };
		5746421C1F854826000A55F5 /* MainControllerSenseUITests.swift in Sources */ = {isa = PBXBuildFile; fileRef = 5746421B1F854826000A55F5 /* MainControllerSenseUITests.swift */; };
		5746421E1F854848000A55F5 /* PhotoControllerScenseUITests.swift in Sources */ = {isa = PBXBuildFile; fileRef = 5746421D1F854848000A55F5 /* PhotoControllerScenseUITests.swift */; };
		575147581F73A89B00EC2970 /* UtilityTest.swift in Sources */ = {isa = PBXBuildFile; fileRef = 575147571F73A89B00EC2970 /* UtilityTest.swift */; };
/* End PBXBuildFile section */

/* Begin PBXContainerItemProxy section */
		5703C9BD1F69D5E0004E6011 /* PBXContainerItemProxy */ = {
			isa = PBXContainerItemProxy;
			containerPortal = 5703C9A01F69D5E0004E6011 /* Project object */;
			proxyType = 1;
			remoteGlobalIDString = 5703C9A71F69D5E0004E6011;
			remoteInfo = iosnetworkingexample;
		};
		5703C9C81F69D5E0004E6011 /* PBXContainerItemProxy */ = {
			isa = PBXContainerItemProxy;
			containerPortal = 5703C9A01F69D5E0004E6011 /* Project object */;
			proxyType = 1;
			remoteGlobalIDString = 5703C9A71F69D5E0004E6011;
			remoteInfo = iosnetworkingexample;
		};
/* End PBXContainerItemProxy section */

/* Begin PBXFileReference section */
		5703C9A81F69D5E0004E6011 /* iosnetworkingexample.app */ = {isa = PBXFileReference; explicitFileType = wrapper.application; includeInIndex = 0; path = iosnetworkingexample.app; sourceTree = BUILT_PRODUCTS_DIR; };
		5703C9AB1F69D5E0004E6011 /* AppDelegate.swift */ = {isa = PBXFileReference; lastKnownFileType = sourcecode.swift; path = AppDelegate.swift; sourceTree = "<group>"; };
		5703C9AD1F69D5E0004E6011 /* PhotoController.swift */ = {isa = PBXFileReference; lastKnownFileType = sourcecode.swift; path = PhotoController.swift; sourceTree = "<group>"; };
		5703C9B01F69D5E0004E6011 /* Base */ = {isa = PBXFileReference; lastKnownFileType = file.storyboard; name = Base; path = Base.lproj/Main.storyboard; sourceTree = "<group>"; };
		5703C9B21F69D5E0004E6011 /* Assets.xcassets */ = {isa = PBXFileReference; lastKnownFileType = folder.assetcatalog; path = Assets.xcassets; sourceTree = "<group>"; };
		5703C9B51F69D5E0004E6011 /* Base */ = {isa = PBXFileReference; lastKnownFileType = file.storyboard; name = Base; path = Base.lproj/LaunchScreen.storyboard; sourceTree = "<group>"; };
		5703C9B71F69D5E0004E6011 /* Info.plist */ = {isa = PBXFileReference; lastKnownFileType = text.plist.xml; path = Info.plist; sourceTree = "<group>"; };
		5703C9BC1F69D5E0004E6011 /* iosnetworkingexampleTests.xctest */ = {isa = PBXFileReference; explicitFileType = wrapper.cfbundle; includeInIndex = 0; path = iosnetworkingexampleTests.xctest; sourceTree = BUILT_PRODUCTS_DIR; };
		5703C9C21F69D5E0004E6011 /* Info.plist */ = {isa = PBXFileReference; lastKnownFileType = text.plist.xml; path = Info.plist; sourceTree = "<group>"; };
		5703C9C71F69D5E0004E6011 /* iosnetworkingexampleUITests.xctest */ = {isa = PBXFileReference; explicitFileType = wrapper.cfbundle; includeInIndex = 0; path = iosnetworkingexampleUITests.xctest; sourceTree = BUILT_PRODUCTS_DIR; };
		5703C9CB1F69D5E0004E6011 /* iosnetworkingexampleUITests.swift */ = {isa = PBXFileReference; lastKnownFileType = sourcecode.swift; path = iosnetworkingexampleUITests.swift; sourceTree = "<group>"; };
		5703C9CD1F69D5E0004E6011 /* Info.plist */ = {isa = PBXFileReference; lastKnownFileType = text.plist.xml; path = Info.plist; sourceTree = "<group>"; };
		5703C9D91F69E9E4004E6011 /* Constaint.swift */ = {isa = PBXFileReference; lastKnownFileType = sourcecode.swift; path = Constaint.swift; sourceTree = "<group>"; };
		5703CA151F6F274B004E6011 /* FlickerController.swift */ = {isa = PBXFileReference; lastKnownFileType = sourcecode.swift; path = FlickerController.swift; sourceTree = "<group>"; };
		5703CA171F6F2EC7004E6011 /* FlickerControlerTest.swift */ = {isa = PBXFileReference; lastKnownFileType = sourcecode.swift; path = FlickerControlerTest.swift; sourceTree = "<group>"; };
		5720DB5F1F72C365002CD0D3 /* PhotoCommon.swift */ = {isa = PBXFileReference; lastKnownFileType = sourcecode.swift; path = PhotoCommon.swift; sourceTree = "<group>"; };
		5720DB641F72CF75002CD0D3 /* PhotoCommonTest.swift */ = {isa = PBXFileReference; lastKnownFileType = sourcecode.swift; path = PhotoCommonTest.swift; sourceTree = "<group>"; };
		5720DB681F730FCC002CD0D3 /* StringExtension.swift */ = {isa = PBXFileReference; lastKnownFileType = sourcecode.swift; path = StringExtension.swift; sourceTree = "<group>"; };
		5720DB6D1F731008002CD0D3 /* IntExtension.swift */ = {isa = PBXFileReference; lastKnownFileType = sourcecode.swift; path = IntExtension.swift; sourceTree = "<group>"; };
		5720DB711F731025002CD0D3 /* BoolExtension.swift */ = {isa = PBXFileReference; lastKnownFileType = sourcecode.swift; path = BoolExtension.swift; sourceTree = "<group>"; };
		5720DB751F731046002CD0D3 /* UIImageExtension.swift */ = {isa = PBXFileReference; lastKnownFileType = sourcecode.swift; path = UIImageExtension.swift; sourceTree = "<group>"; };
		5720DB7B1F7311CE002CD0D3 /* UIApplicationExtension.swift */ = {isa = PBXFileReference; lastKnownFileType = sourcecode.swift; path = UIApplicationExtension.swift; sourceTree = "<group>"; };
		5720DB7F1F73122D002CD0D3 /* Utility.swift */ = {isa = PBXFileReference; lastKnownFileType = sourcecode.swift; path = Utility.swift; sourceTree = "<group>"; };
		5720DB861F73128E002CD0D3 /* UIStoryboardExtension.swift */ = {isa = PBXFileReference; lastKnownFileType = sourcecode.swift; path = UIStoryboardExtension.swift; sourceTree = "<group>"; };
		5720DB8C1F731AA2002CD0D3 /* NetworkError.swift */ = {isa = PBXFileReference; lastKnownFileType = sourcecode.swift; path = NetworkError.swift; sourceTree = "<group>"; };
		5720DB911F7322B6002CD0D3 /* MainController.swift */ = {isa = PBXFileReference; lastKnownFileType = sourcecode.swift; path = MainController.swift; sourceTree = "<group>"; };
		5720DB951F73260A002CD0D3 /* StringExtensionTests.swift */ = {isa = PBXFileReference; lastKnownFileType = sourcecode.swift; path = StringExtensionTests.swift; sourceTree = "<group>"; };
		5720DB971F73261F002CD0D3 /* IntExtensionTests.swift */ = {isa = PBXFileReference; lastKnownFileType = sourcecode.swift; path = IntExtensionTests.swift; sourceTree = "<group>"; };
		5720DB991F732631002CD0D3 /* BoolExtensionTests.swift */ = {isa = PBXFileReference; lastKnownFileType = sourcecode.swift; path = BoolExtensionTests.swift; sourceTree = "<group>"; };
		5720DB9B1F73264B002CD0D3 /* UIImageExtensionTests.swift */ = {isa = PBXFileReference; lastKnownFileType = sourcecode.swift; path = UIImageExtensionTests.swift; sourceTree = "<group>"; };
		5720DB9D1F73265A002CD0D3 /* UIApplicationExtensionTests.swift */ = {isa = PBXFileReference; lastKnownFileType = sourcecode.swift; path = UIApplicationExtensionTests.swift; sourceTree = "<group>"; };
		5720DB9F1F73266B002CD0D3 /* UIStoryboardExtensionTests.swift */ = {isa = PBXFileReference; lastKnownFileType = sourcecode.swift; path = UIStoryboardExtensionTests.swift; sourceTree = "<group>"; };
		572B99821F8BD18B00B3689A /* iosnetworkingexample.xcdatamodel */ = {isa = PBXFileReference; lastKnownFileType = wrapper.xcdatamodel; path = iosnetworkingexample.xcdatamodel; sourceTree = "<group>"; };
		572B99881F8BD37600B3689A /* Photo+CoreDataClass.swift */ = {isa = PBXFileReference; lastKnownFileType = sourcecode.swift; path = "Photo+CoreDataClass.swift"; sourceTree = "<group>"; };
		572B99891F8BD37600B3689A /* Photo+CoreDataProperties.swift */ = {isa = PBXFileReference; lastKnownFileType = sourcecode.swift; path = "Photo+CoreDataProperties.swift"; sourceTree = "<group>"; };
		5746421B1F854826000A55F5 /* MainControllerSenseUITests.swift */ = {isa = PBXFileReference; lastKnownFileType = sourcecode.swift; path = MainControllerSenseUITests.swift; sourceTree = "<group>"; };
		5746421D1F854848000A55F5 /* PhotoControllerScenseUITests.swift */ = {isa = PBXFileReference; lastKnownFileType = sourcecode.swift; path = PhotoControllerScenseUITests.swift; sourceTree = "<group>"; };
		575147571F73A89B00EC2970 /* UtilityTest.swift */ = {isa = PBXFileReference; lastKnownFileType = sourcecode.swift; path = UtilityTest.swift; sourceTree = "<group>"; };
/* End PBXFileReference section */

/* Begin PBXFrameworksBuildPhase section */
		5703C9A51F69D5E0004E6011 /* Frameworks */ = {
			isa = PBXFrameworksBuildPhase;
			buildActionMask = 2147483647;
			files = (
			);
			runOnlyForDeploymentPostprocessing = 0;
		};
		5703C9B91F69D5E0004E6011 /* Frameworks */ = {
			isa = PBXFrameworksBuildPhase;
			buildActionMask = 2147483647;
			files = (
			);
			runOnlyForDeploymentPostprocessing = 0;
		};
		5703C9C41F69D5E0004E6011 /* Frameworks */ = {
			isa = PBXFrameworksBuildPhase;
			buildActionMask = 2147483647;
			files = (
			);
			runOnlyForDeploymentPostprocessing = 0;
		};
/* End PBXFrameworksBuildPhase section */

/* Begin PBXGroup section */
		5703C99F1F69D5E0004E6011 = {
			isa = PBXGroup;
			children = (
				5703C9AA1F69D5E0004E6011 /* iosnetworkingexample */,
				5703C9BF1F69D5E0004E6011 /* iosnetworkingexampleTests */,
				5703C9CA1F69D5E0004E6011 /* iosnetworkingexampleUITests */,
				5703C9A91F69D5E0004E6011 /* Products */,
			);
			sourceTree = "<group>";
		};
		5703C9A91F69D5E0004E6011 /* Products */ = {
			isa = PBXGroup;
			children = (
				5703C9A81F69D5E0004E6011 /* iosnetworkingexample.app */,
				5703C9BC1F69D5E0004E6011 /* iosnetworkingexampleTests.xctest */,
				5703C9C71F69D5E0004E6011 /* iosnetworkingexampleUITests.xctest */,
			);
			name = Products;
			sourceTree = "<group>";
		};
		5703C9AA1F69D5E0004E6011 /* iosnetworkingexample */ = {
			isa = PBXGroup;
			children = (
				572B99801F8BD17500B3689A /* CoreData */,
				5720DB7A1F7310EC002CD0D3 /* View */,
				5720DB791F731096002CD0D3 /* Extensions */,
				5720DB671F730E78002CD0D3 /* Helper */,
				5720DB631F72C455002CD0D3 /* Controllers */,
				5720DB5E1F72C2FB002CD0D3 /* Common */,
				5703C9AB1F69D5E0004E6011 /* AppDelegate.swift */,
				5703C9B21F69D5E0004E6011 /* Assets.xcassets */,
				5703C9B71F69D5E0004E6011 /* Info.plist */,
			);
			path = iosnetworkingexample;
			sourceTree = "<group>";
		};
		5703C9BF1F69D5E0004E6011 /* iosnetworkingexampleTests */ = {
			isa = PBXGroup;
			children = (
				575E83091F818EB40017987D /* Common */,
				575147561F73A87C00EC2970 /* Helper */,
				5720DB941F73259A002CD0D3 /* ControllerTest */,
				5720DB931F732577002CD0D3 /* ExtensionTest */,
				5703C9C21F69D5E0004E6011 /* Info.plist */,
			);
			path = iosnetworkingexampleTests;
			sourceTree = "<group>";
		};
		5703C9CA1F69D5E0004E6011 /* iosnetworkingexampleUITests */ = {
			isa = PBXGroup;
			children = (
				5703C9CB1F69D5E0004E6011 /* iosnetworkingexampleUITests.swift */,
				5703C9CD1F69D5E0004E6011 /* Info.plist */,
				5746421B1F854826000A55F5 /* MainControllerSenseUITests.swift */,
				5746421D1F854848000A55F5 /* PhotoControllerScenseUITests.swift */,
			);
			path = iosnetworkingexampleUITests;
			sourceTree = "<group>";
		};
		5720DB5E1F72C2FB002CD0D3 /* Common */ = {
			isa = PBXGroup;
			children = (
				5720DB5F1F72C365002CD0D3 /* PhotoCommon.swift */,
				5720DB8C1F731AA2002CD0D3 /* NetworkError.swift */,
			);
			path = Common;
			sourceTree = "<group>";
		};
		5720DB631F72C455002CD0D3 /* Controllers */ = {
			isa = PBXGroup;
			children = (
				5703C9AD1F69D5E0004E6011 /* PhotoController.swift */,
				5703CA151F6F274B004E6011 /* FlickerController.swift */,
				5720DB911F7322B6002CD0D3 /* MainController.swift */,
			);
			path = Controllers;
			sourceTree = "<group>";
		};
		5720DB671F730E78002CD0D3 /* Helper */ = {
			isa = PBXGroup;
			children = (
				5703C9D91F69E9E4004E6011 /* Constaint.swift */,
				5720DB7F1F73122D002CD0D3 /* Utility.swift */,
			);
			path = Helper;
			sourceTree = "<group>";
		};
		5720DB791F731096002CD0D3 /* Extensions */ = {
			isa = PBXGroup;
			children = (
				5720DB681F730FCC002CD0D3 /* StringExtension.swift */,
				5720DB6D1F731008002CD0D3 /* IntExtension.swift */,
				5720DB711F731025002CD0D3 /* BoolExtension.swift */,
				5720DB751F731046002CD0D3 /* UIImageExtension.swift */,
				5720DB7B1F7311CE002CD0D3 /* UIApplicationExtension.swift */,
				5720DB861F73128E002CD0D3 /* UIStoryboardExtension.swift */,
			);
			path = Extensions;
			sourceTree = "<group>";
		};
		5720DB7A1F7310EC002CD0D3 /* View */ = {
			isa = PBXGroup;
			children = (
				5703C9B41F69D5E0004E6011 /* LaunchScreen.storyboard */,
				5703C9AF1F69D5E0004E6011 /* Main.storyboard */,
			);
			path = View;
			sourceTree = "<group>";
		};
		5720DB931F732577002CD0D3 /* ExtensionTest */ = {
			isa = PBXGroup;
			children = (
				5720DB951F73260A002CD0D3 /* StringExtensionTests.swift */,
				5720DB971F73261F002CD0D3 /* IntExtensionTests.swift */,
				5720DB991F732631002CD0D3 /* BoolExtensionTests.swift */,
				5720DB9B1F73264B002CD0D3 /* UIImageExtensionTests.swift */,
				5720DB9D1F73265A002CD0D3 /* UIApplicationExtensionTests.swift */,
				5720DB9F1F73266B002CD0D3 /* UIStoryboardExtensionTests.swift */,
			);
			path = ExtensionTest;
			sourceTree = "<group>";
		};
		5720DB941F73259A002CD0D3 /* ControllerTest */ = {
			isa = PBXGroup;
			children = (
				5703CA171F6F2EC7004E6011 /* FlickerControlerTest.swift */,
			);
			path = ControllerTest;
			sourceTree = "<group>";
		};
		572B99801F8BD17500B3689A /* CoreData */ = {
			isa = PBXGroup;
			children = (
				572B99881F8BD37600B3689A /* Photo+CoreDataClass.swift */,
				572B99891F8BD37600B3689A /* Photo+CoreDataProperties.swift */,
				572B99811F8BD18B00B3689A /* iosnetworkingexample.xcdatamodeld */,
			);
			path = CoreData;
			sourceTree = "<group>";
		};
		575147561F73A87C00EC2970 /* Helper */ = {
			isa = PBXGroup;
			children = (
				575147571F73A89B00EC2970 /* UtilityTest.swift */,
			);
			path = Helper;
			sourceTree = "<group>";
		};
		575E83091F818EB40017987D /* Common */ = {
			isa = PBXGroup;
			children = (
				5720DB641F72CF75002CD0D3 /* PhotoCommonTest.swift */,
			);
			path = Common;
			sourceTree = "<group>";
		};
/* End PBXGroup section */

/* Begin PBXNativeTarget section */
		5703C9A71F69D5E0004E6011 /* iosnetworkingexample */ = {
			isa = PBXNativeTarget;
			buildConfigurationList = 5703C9D01F69D5E0004E6011 /* Build configuration list for PBXNativeTarget "iosnetworkingexample" */;
			buildPhases = (
				5703C9A41F69D5E0004E6011 /* Sources */,
				5703C9A51F69D5E0004E6011 /* Frameworks */,
				5703C9A61F69D5E0004E6011 /* Resources */,
			);
			buildRules = (
			);
			dependencies = (
			);
			name = iosnetworkingexample;
			productName = iosnetworkingexample;
			productReference = 5703C9A81F69D5E0004E6011 /* iosnetworkingexample.app */;
			productType = "com.apple.product-type.application";
		};
		5703C9BB1F69D5E0004E6011 /* iosnetworkingexampleTests */ = {
			isa = PBXNativeTarget;
			buildConfigurationList = 5703C9D31F69D5E0004E6011 /* Build configuration list for PBXNativeTarget "iosnetworkingexampleTests" */;
			buildPhases = (
				5703C9B81F69D5E0004E6011 /* Sources */,
				5703C9B91F69D5E0004E6011 /* Frameworks */,
				5703C9BA1F69D5E0004E6011 /* Resources */,
			);
			buildRules = (
			);
			dependencies = (
				5703C9BE1F69D5E0004E6011 /* PBXTargetDependency */,
			);
			name = iosnetworkingexampleTests;
			productName = iosnetworkingexampleTests;
			productReference = 5703C9BC1F69D5E0004E6011 /* iosnetworkingexampleTests.xctest */;
			productType = "com.apple.product-type.bundle.unit-test";
		};
		5703C9C61F69D5E0004E6011 /* iosnetworkingexampleUITests */ = {
			isa = PBXNativeTarget;
			buildConfigurationList = 5703C9D61F69D5E0004E6011 /* Build configuration list for PBXNativeTarget "iosnetworkingexampleUITests" */;
			buildPhases = (
				5703C9C31F69D5E0004E6011 /* Sources */,
				5703C9C41F69D5E0004E6011 /* Frameworks */,
				5703C9C51F69D5E0004E6011 /* Resources */,
			);
			buildRules = (
			);
			dependencies = (
				5703C9C91F69D5E0004E6011 /* PBXTargetDependency */,
			);
			name = iosnetworkingexampleUITests;
			productName = iosnetworkingexampleUITests;
			productReference = 5703C9C71F69D5E0004E6011 /* iosnetworkingexampleUITests.xctest */;
			productType = "com.apple.product-type.bundle.ui-testing";
		};
/* End PBXNativeTarget section */

/* Begin PBXProject section */
		5703C9A01F69D5E0004E6011 /* Project object */ = {
			isa = PBXProject;
			attributes = {
				LastSwiftUpdateCheck = 0900;
				LastUpgradeCheck = 0900;
				ORGANIZATIONNAME = "Mohammed S A Kwaik";
				TargetAttributes = {
					5703C9A71F69D5E0004E6011 = {
						CreatedOnToolsVersion = 9.0;
						ProvisioningStyle = Automatic;
					};
					5703C9BB1F69D5E0004E6011 = {
						CreatedOnToolsVersion = 9.0;
						ProvisioningStyle = Automatic;
						TestTargetID = 5703C9A71F69D5E0004E6011;
					};
					5703C9C61F69D5E0004E6011 = {
						CreatedOnToolsVersion = 9.0;
						ProvisioningStyle = Automatic;
						TestTargetID = 5703C9A71F69D5E0004E6011;
					};
				};
			};
			buildConfigurationList = 5703C9A31F69D5E0004E6011 /* Build configuration list for PBXProject "iosnetworkingexample" */;
			compatibilityVersion = "Xcode 8.0";
			developmentRegion = en;
			hasScannedForEncodings = 0;
			knownRegions = (
				en,
				Base,
			);
			mainGroup = 5703C99F1F69D5E0004E6011;
			productRefGroup = 5703C9A91F69D5E0004E6011 /* Products */;
			projectDirPath = "";
			projectRoot = "";
			targets = (
				5703C9A71F69D5E0004E6011 /* iosnetworkingexample */,
				5703C9BB1F69D5E0004E6011 /* iosnetworkingexampleTests */,
				5703C9C61F69D5E0004E6011 /* iosnetworkingexampleUITests */,
			);
		};
/* End PBXProject section */

/* Begin PBXResourcesBuildPhase section */
		5703C9A61F69D5E0004E6011 /* Resources */ = {
			isa = PBXResourcesBuildPhase;
			buildActionMask = 2147483647;
			files = (
				5703C9B61F69D5E0004E6011 /* LaunchScreen.storyboard in Resources */,
				5703C9B31F69D5E0004E6011 /* Assets.xcassets in Resources */,
				5703C9B11F69D5E0004E6011 /* Main.storyboard in Resources */,
			);
			runOnlyForDeploymentPostprocessing = 0;
		};
		5703C9BA1F69D5E0004E6011 /* Resources */ = {
			isa = PBXResourcesBuildPhase;
			buildActionMask = 2147483647;
			files = (
			);
			runOnlyForDeploymentPostprocessing = 0;
		};
		5703C9C51F69D5E0004E6011 /* Resources */ = {
			isa = PBXResourcesBuildPhase;
			buildActionMask = 2147483647;
			files = (
			);
			runOnlyForDeploymentPostprocessing = 0;
		};
/* End PBXResourcesBuildPhase section */

/* Begin PBXSourcesBuildPhase section */
		5703C9A41F69D5E0004E6011 /* Sources */ = {
			isa = PBXSourcesBuildPhase;
			buildActionMask = 2147483647;
			files = (
				5720DB761F731046002CD0D3 /* UIImageExtension.swift in Sources */,
				5720DB6E1F731008002CD0D3 /* IntExtension.swift in Sources */,
				572B998A1F8BD37600B3689A /* Photo+CoreDataClass.swift in Sources */,
				5720DB691F730FCC002CD0D3 /* StringExtension.swift in Sources */,
				5720DB801F73122D002CD0D3 /* Utility.swift in Sources */,
				572B998B1F8BD37600B3689A /* Photo+CoreDataProperties.swift in Sources */,
				5703C9DA1F69E9E4004E6011 /* Constaint.swift in Sources */,
				5720DB721F731025002CD0D3 /* BoolExtension.swift in Sources */,
				5720DB871F73128E002CD0D3 /* UIStoryboardExtension.swift in Sources */,
				572B99831F8BD18B00B3689A /* iosnetworkingexample.xcdatamodeld in Sources */,
				5720DB921F7322B6002CD0D3 /* MainController.swift in Sources */,
				5703C9AE1F69D5E0004E6011 /* PhotoController.swift in Sources */,
				5720DB7C1F7311CE002CD0D3 /* UIApplicationExtension.swift in Sources */,
				5703CA161F6F274B004E6011 /* FlickerController.swift in Sources */,
				5720DB8D1F731AA2002CD0D3 /* NetworkError.swift in Sources */,
				5720DB601F72C365002CD0D3 /* PhotoCommon.swift in Sources */,
				5703C9AC1F69D5E0004E6011 /* AppDelegate.swift in Sources */,
			);
			runOnlyForDeploymentPostprocessing = 0;
		};
		5703C9B81F69D5E0004E6011 /* Sources */ = {
			isa = PBXSourcesBuildPhase;
			buildActionMask = 2147483647;
			files = (
				5703CA181F6F2EC7004E6011 /* FlickerControlerTest.swift in Sources */,
				5720DB6A1F730FCC002CD0D3 /* StringExtension.swift in Sources */,
				5720DB9E1F73265A002CD0D3 /* UIApplicationExtensionTests.swift in Sources */,
				5720DBA01F73266B002CD0D3 /* UIStoryboardExtensionTests.swift in Sources */,
				575147581F73A89B00EC2970 /* UtilityTest.swift in Sources */,
				5720DB811F73122D002CD0D3 /* Utility.swift in Sources */,
				5720DB881F73128E002CD0D3 /* UIStoryboardExtension.swift in Sources */,
				5720DB7D1F7311CE002CD0D3 /* UIApplicationExtension.swift in Sources */,
				5720DB771F731046002CD0D3 /* UIImageExtension.swift in Sources */,
				5720DB961F73260A002CD0D3 /* StringExtensionTests.swift in Sources */,
				5720DB6F1F731008002CD0D3 /* IntExtension.swift in Sources */,
				5720DB9C1F73264B002CD0D3 /* UIImageExtensionTests.swift in Sources */,
				5720DB611F72C448002CD0D3 /* PhotoCommon.swift in Sources */,
				5720DB981F73261F002CD0D3 /* IntExtensionTests.swift in Sources */,
				5720DB731F731025002CD0D3 /* BoolExtension.swift in Sources */,
				5720DB9A1F732631002CD0D3 /* BoolExtensionTests.swift in Sources */,
				5720DB8A1F73198D002CD0D3 /* Constaint.swift in Sources */,
				5720DB8E1F731AA2002CD0D3 /* NetworkError.swift in Sources */,
				5720DB831F73125F002CD0D3 /* FlickerController.swift in Sources */,
				5720DB651F72CF75002CD0D3 /* PhotoCommonTest.swift in Sources */,
			);
			runOnlyForDeploymentPostprocessing = 0;
		};
		5703C9C31F69D5E0004E6011 /* Sources */ = {
			isa = PBXSourcesBuildPhase;
			buildActionMask = 2147483647;
			files = (
				5720DB8B1F73198E002CD0D3 /* Constaint.swift in Sources */,
				5720DB6B1F730FCC002CD0D3 /* StringExtension.swift in Sources */,
				5720DB701F731008002CD0D3 /* IntExtension.swift in Sources */,
				5720DB7E1F7311CE002CD0D3 /* UIApplicationExtension.swift in Sources */,
				5720DB741F731025002CD0D3 /* BoolExtension.swift in Sources */,
				5720DB821F73122D002CD0D3 /* Utility.swift in Sources */,
				5720DB781F731046002CD0D3 /* UIImageExtension.swift in Sources */,
				5746421E1F854848000A55F5 /* PhotoControllerScenseUITests.swift in Sources */,
				5720DB841F731260002CD0D3 /* FlickerController.swift in Sources */,
				5703C9CC1F69D5E0004E6011 /* iosnetworkingexampleUITests.swift in Sources */,
				5720DB8F1F731AA2002CD0D3 /* NetworkError.swift in Sources */,
				5720DB891F73128E002CD0D3 /* UIStoryboardExtension.swift in Sources */,
				5720DB621F72C449002CD0D3 /* PhotoCommon.swift in Sources */,
				5746421C1F854826000A55F5 /* MainControllerSenseUITests.swift in Sources */,
			);
			runOnlyForDeploymentPostprocessing = 0;
		};
/* End PBXSourcesBuildPhase section */

/* Begin PBXTargetDependency section */
		5703C9BE1F69D5E0004E6011 /* PBXTargetDependency */ = {
			isa = PBXTargetDependency;
			target = 5703C9A71F69D5E0004E6011 /* iosnetworkingexample */;
			targetProxy = 5703C9BD1F69D5E0004E6011 /* PBXContainerItemProxy */;
		};
		5703C9C91F69D5E0004E6011 /* PBXTargetDependency */ = {
			isa = PBXTargetDependency;
			target = 5703C9A71F69D5E0004E6011 /* iosnetworkingexample */;
			targetProxy = 5703C9C81F69D5E0004E6011 /* PBXContainerItemProxy */;
		};
/* End PBXTargetDependency section */

/* Begin PBXVariantGroup section */
		5703C9AF1F69D5E0004E6011 /* Main.storyboard */ = {
			isa = PBXVariantGroup;
			children = (
				5703C9B01F69D5E0004E6011 /* Base */,
			);
			name = Main.storyboard;
			sourceTree = "<group>";
		};
		5703C9B41F69D5E0004E6011 /* LaunchScreen.storyboard */ = {
			isa = PBXVariantGroup;
			children = (
				5703C9B51F69D5E0004E6011 /* Base */,
			);
			name = LaunchScreen.storyboard;
			sourceTree = "<group>";
		};
/* End PBXVariantGroup section */

/* Begin XCBuildConfiguration section */
		5703C9CE1F69D5E0004E6011 /* Debug */ = {
			isa = XCBuildConfiguration;
			buildSettings = {
				ALWAYS_SEARCH_USER_PATHS = NO;
				CLANG_ANALYZER_NONNULL = YES;
				CLANG_ANALYZER_NUMBER_OBJECT_CONVERSION = YES_AGGRESSIVE;
				CLANG_CXX_LANGUAGE_STANDARD = "gnu++14";
				CLANG_CXX_LIBRARY = "libc++";
				CLANG_ENABLE_MODULES = YES;
				CLANG_ENABLE_OBJC_ARC = YES;
				CLANG_WARN_BLOCK_CAPTURE_AUTORELEASING = YES;
				CLANG_WARN_BOOL_CONVERSION = YES;
				CLANG_WARN_COMMA = YES;
				CLANG_WARN_CONSTANT_CONVERSION = YES;
				CLANG_WARN_DIRECT_OBJC_ISA_USAGE = YES_ERROR;
				CLANG_WARN_DOCUMENTATION_COMMENTS = YES;
				CLANG_WARN_EMPTY_BODY = YES;
				CLANG_WARN_ENUM_CONVERSION = YES;
				CLANG_WARN_INFINITE_RECURSION = YES;
				CLANG_WARN_INT_CONVERSION = YES;
				CLANG_WARN_NON_LITERAL_NULL_CONVERSION = YES;
				CLANG_WARN_OBJC_LITERAL_CONVERSION = YES;
				CLANG_WARN_OBJC_ROOT_CLASS = YES_ERROR;
				CLANG_WARN_RANGE_LOOP_ANALYSIS = YES;
				CLANG_WARN_STRICT_PROTOTYPES = YES;
				CLANG_WARN_SUSPICIOUS_MOVE = YES;
				CLANG_WARN_UNGUARDED_AVAILABILITY = YES_AGGRESSIVE;
				CLANG_WARN_UNREACHABLE_CODE = YES;
				CLANG_WARN__DUPLICATE_METHOD_MATCH = YES;
				CODE_SIGN_IDENTITY = "iPhone Developer";
				COPY_PHASE_STRIP = NO;
				DEBUG_INFORMATION_FORMAT = dwarf;
				ENABLE_STRICT_OBJC_MSGSEND = YES;
				ENABLE_TESTABILITY = YES;
				GCC_C_LANGUAGE_STANDARD = gnu11;
				GCC_DYNAMIC_NO_PIC = NO;
				GCC_NO_COMMON_BLOCKS = YES;
				GCC_OPTIMIZATION_LEVEL = 0;
				GCC_PREPROCESSOR_DEFINITIONS = (
					"DEBUG=1",
					"$(inherited)",
				);
				GCC_WARN_64_TO_32_BIT_CONVERSION = YES;
				GCC_WARN_ABOUT_RETURN_TYPE = YES_ERROR;
				GCC_WARN_UNDECLARED_SELECTOR = YES;
				GCC_WARN_UNINITIALIZED_AUTOS = YES_AGGRESSIVE;
				GCC_WARN_UNUSED_FUNCTION = YES;
				GCC_WARN_UNUSED_VARIABLE = YES;
				IPHONEOS_DEPLOYMENT_TARGET = 11.0;
				MTL_ENABLE_DEBUG_INFO = YES;
				ONLY_ACTIVE_ARCH = YES;
				SDKROOT = iphoneos;
				SWIFT_ACTIVE_COMPILATION_CONDITIONS = DEBUG;
				SWIFT_OPTIMIZATION_LEVEL = "-Onone";
			};
			name = Debug;
		};
		5703C9CF1F69D5E0004E6011 /* Release */ = {
			isa = XCBuildConfiguration;
			buildSettings = {
				ALWAYS_SEARCH_USER_PATHS = NO;
				CLANG_ANALYZER_NONNULL = YES;
				CLANG_ANALYZER_NUMBER_OBJECT_CONVERSION = YES_AGGRESSIVE;
				CLANG_CXX_LANGUAGE_STANDARD = "gnu++14";
				CLANG_CXX_LIBRARY = "libc++";
				CLANG_ENABLE_MODULES = YES;
				CLANG_ENABLE_OBJC_ARC = YES;
				CLANG_WARN_BLOCK_CAPTURE_AUTORELEASING = YES;
				CLANG_WARN_BOOL_CONVERSION = YES;
				CLANG_WARN_COMMA = YES;
				CLANG_WARN_CONSTANT_CONVERSION = YES;
				CLANG_WARN_DIRECT_OBJC_ISA_USAGE = YES_ERROR;
				CLANG_WARN_DOCUMENTATION_COMMENTS = YES;
				CLANG_WARN_EMPTY_BODY = YES;
				CLANG_WARN_ENUM_CONVERSION = YES;
				CLANG_WARN_INFINITE_RECURSION = YES;
				CLANG_WARN_INT_CONVERSION = YES;
				CLANG_WARN_NON_LITERAL_NULL_CONVERSION = YES;
				CLANG_WARN_OBJC_LITERAL_CONVERSION = YES;
				CLANG_WARN_OBJC_ROOT_CLASS = YES_ERROR;
				CLANG_WARN_RANGE_LOOP_ANALYSIS = YES;
				CLANG_WARN_STRICT_PROTOTYPES = YES;
				CLANG_WARN_SUSPICIOUS_MOVE = YES;
				CLANG_WARN_UNGUARDED_AVAILABILITY = YES_AGGRESSIVE;
				CLANG_WARN_UNREACHABLE_CODE = YES;
				CLANG_WARN__DUPLICATE_METHOD_MATCH = YES;
				CODE_SIGN_IDENTITY = "iPhone Developer";
				COPY_PHASE_STRIP = NO;
				DEBUG_INFORMATION_FORMAT = "dwarf-with-dsym";
				ENABLE_NS_ASSERTIONS = NO;
				ENABLE_STRICT_OBJC_MSGSEND = YES;
				GCC_C_LANGUAGE_STANDARD = gnu11;
				GCC_NO_COMMON_BLOCKS = YES;
				GCC_WARN_64_TO_32_BIT_CONVERSION = YES;
				GCC_WARN_ABOUT_RETURN_TYPE = YES_ERROR;
				GCC_WARN_UNDECLARED_SELECTOR = YES;
				GCC_WARN_UNINITIALIZED_AUTOS = YES_AGGRESSIVE;
				GCC_WARN_UNUSED_FUNCTION = YES;
				GCC_WARN_UNUSED_VARIABLE = YES;
				IPHONEOS_DEPLOYMENT_TARGET = 11.0;
				MTL_ENABLE_DEBUG_INFO = NO;
				SDKROOT = iphoneos;
				SWIFT_OPTIMIZATION_LEVEL = "-Owholemodule";
				VALIDATE_PRODUCT = YES;
			};
			name = Release;
		};
		5703C9D11F69D5E0004E6011 /* Debug */ = {
			isa = XCBuildConfiguration;
			buildSettings = {
				ASSETCATALOG_COMPILER_APPICON_NAME = AppIcon;
				CODE_SIGN_STYLE = Automatic;
				DEVELOPMENT_TEAM = LL3GY2T8JQ;
				INFOPLIST_FILE = iosnetworkingexample/Info.plist;
				LD_RUNPATH_SEARCH_PATHS = "$(inherited) @executable_path/Frameworks";
				PRODUCT_BUNDLE_IDENTIFIER = com.msabukwaik.iosnetworkingexample;
				PRODUCT_NAME = "$(TARGET_NAME)";
				SWIFT_VERSION = 4.0;
				TARGETED_DEVICE_FAMILY = "1,2";
			};
			name = Debug;
		};
		5703C9D21F69D5E0004E6011 /* Release */ = {
			isa = XCBuildConfiguration;
			buildSettings = {
				ASSETCATALOG_COMPILER_APPICON_NAME = AppIcon;
				CODE_SIGN_STYLE = Automatic;
				DEVELOPMENT_TEAM = LL3GY2T8JQ;
				INFOPLIST_FILE = iosnetworkingexample/Info.plist;
				LD_RUNPATH_SEARCH_PATHS = "$(inherited) @executable_path/Frameworks";
				PRODUCT_BUNDLE_IDENTIFIER = com.msabukwaik.iosnetworkingexample;
				PRODUCT_NAME = "$(TARGET_NAME)";
				SWIFT_VERSION = 4.0;
				TARGETED_DEVICE_FAMILY = "1,2";
			};
			name = Release;
		};
		5703C9D41F69D5E0004E6011 /* Debug */ = {
			isa = XCBuildConfiguration;
			buildSettings = {
				ALWAYS_EMBED_SWIFT_STANDARD_LIBRARIES = YES;
				BUNDLE_LOADER = "$(TEST_HOST)";
				CODE_SIGN_STYLE = Automatic;
				DEVELOPMENT_TEAM = LL3GY2T8JQ;
				INFOPLIST_FILE = iosnetworkingexampleTests/Info.plist;
				LD_RUNPATH_SEARCH_PATHS = "$(inherited) @executable_path/Frameworks @loader_path/Frameworks";
				PRODUCT_BUNDLE_IDENTIFIER = com.msabukwaik.iosnetworkingexampleTests;
				PRODUCT_NAME = "$(TARGET_NAME)";
				SWIFT_VERSION = 4.0;
				TARGETED_DEVICE_FAMILY = "1,2";
				TEST_HOST = "$(BUILT_PRODUCTS_DIR)/iosnetworkingexample.app/iosnetworkingexample";
			};
			name = Debug;
		};
		5703C9D51F69D5E0004E6011 /* Release */ = {
			isa = XCBuildConfiguration;
			buildSettings = {
				ALWAYS_EMBED_SWIFT_STANDARD_LIBRARIES = YES;
				BUNDLE_LOADER = "$(TEST_HOST)";
				CODE_SIGN_STYLE = Automatic;
				DEVELOPMENT_TEAM = LL3GY2T8JQ;
				INFOPLIST_FILE = iosnetworkingexampleTests/Info.plist;
				LD_RUNPATH_SEARCH_PATHS = "$(inherited) @executable_path/Frameworks @loader_path/Frameworks";
				PRODUCT_BUNDLE_IDENTIFIER = com.msabukwaik.iosnetworkingexampleTests;
				PRODUCT_NAME = "$(TARGET_NAME)";
				SWIFT_VERSION = 4.0;
				TARGETED_DEVICE_FAMILY = "1,2";
				TEST_HOST = "$(BUILT_PRODUCTS_DIR)/iosnetworkingexample.app/iosnetworkingexample";
			};
			name = Release;
		};
		5703C9D71F69D5E0004E6011 /* Debug */ = {
			isa = XCBuildConfiguration;
			buildSettings = {
				ALWAYS_EMBED_SWIFT_STANDARD_LIBRARIES = YES;
				CODE_SIGN_STYLE = Automatic;
				DEVELOPMENT_TEAM = LL3GY2T8JQ;
				INFOPLIST_FILE = iosnetworkingexampleUITests/Info.plist;
				LD_RUNPATH_SEARCH_PATHS = "$(inherited) @executable_path/Frameworks @loader_path/Frameworks";
				PRODUCT_BUNDLE_IDENTIFIER = com.msabukwaik.iosnetworkingexampleUITests;
				PRODUCT_NAME = "$(TARGET_NAME)";
				SWIFT_VERSION = 4.0;
				TARGETED_DEVICE_FAMILY = "1,2";
				TEST_TARGET_NAME = iosnetworkingexample;
			};
			name = Debug;
		};
		5703C9D81F69D5E0004E6011 /* Release */ = {
			isa = XCBuildConfiguration;
			buildSettings = {
				ALWAYS_EMBED_SWIFT_STANDARD_LIBRARIES = YES;
				CODE_SIGN_STYLE = Automatic;
				DEVELOPMENT_TEAM = LL3GY2T8JQ;
				INFOPLIST_FILE = iosnetworkingexampleUITests/Info.plist;
				LD_RUNPATH_SEARCH_PATHS = "$(inherited) @executable_path/Frameworks @loader_path/Frameworks";
				PRODUCT_BUNDLE_IDENTIFIER = com.msabukwaik.iosnetworkingexampleUITests;
				PRODUCT_NAME = "$(TARGET_NAME)";
				SWIFT_VERSION = 4.0;
				TARGETED_DEVICE_FAMILY = "1,2";
				TEST_TARGET_NAME = iosnetworkingexample;
			};
			name = Release;
		};
/* End XCBuildConfiguration section */

/* Begin XCConfigurationList section */
		5703C9A31F69D5E0004E6011 /* Build configuration list for PBXProject "iosnetworkingexample" */ = {
			isa = XCConfigurationList;
			buildConfigurations = (
				5703C9CE1F69D5E0004E6011 /* Debug */,
				5703C9CF1F69D5E0004E6011 /* Release */,
			);
			defaultConfigurationIsVisible = 0;
			defaultConfigurationName = Release;
		};
		5703C9D01F69D5E0004E6011 /* Build configuration list for PBXNativeTarget "iosnetworkingexample" */ = {
			isa = XCConfigurationList;
			buildConfigurations = (
				5703C9D11F69D5E0004E6011 /* Debug */,
				5703C9D21F69D5E0004E6011 /* Release */,
			);
			defaultConfigurationIsVisible = 0;
			defaultConfigurationName = Release;
		};
		5703C9D31F69D5E0004E6011 /* Build configuration list for PBXNativeTarget "iosnetworkingexampleTests" */ = {
			isa = XCConfigurationList;
			buildConfigurations = (
				5703C9D41F69D5E0004E6011 /* Debug */,
				5703C9D51F69D5E0004E6011 /* Release */,
			);
			defaultConfigurationIsVisible = 0;
			defaultConfigurationName = Release;
		};
		5703C9D61F69D5E0004E6011 /* Build configuration list for PBXNativeTarget "iosnetworkingexampleUITests" */ = {
			isa = XCConfigurationList;
			buildConfigurations = (
				5703C9D71F69D5E0004E6011 /* Debug */,
				5703C9D81F69D5E0004E6011 /* Release */,
			);
			defaultConfigurationIsVisible = 0;
			defaultConfigurationName = Release;
		};
/* End XCConfigurationList section */

/* Begin XCVersionGroup section */
		572B99811F8BD18B00B3689A /* iosnetworkingexample.xcdatamodeld */ = {
			isa = XCVersionGroup;
			children = (
				572B99821F8BD18B00B3689A /* iosnetworkingexample.xcdatamodel */,
			);
			currentVersion = 572B99821F8BD18B00B3689A /* iosnetworkingexample.xcdatamodel */;
			path = iosnetworkingexample.xcdatamodeld;
			sourceTree = "<group>";
			versionGroupType = wrapper.xcdatamodel;
		};
/* End XCVersionGroup section */
	};
	rootObject = 5703C9A01F69D5E0004E6011 /* Project object */;
}
